<Solution>
  <Project Path="../DeltaZulu.DurableBuffer/src/DeltaZulu.DurableBuffer/DeltaZulu.DurableBuffer.csproj" />
  <Project Path="external/DeltaZulu.Relp/src/DeltaZulu.Relp/DeltaZulu.Relp.csproj" />
  <Project Path="src/DeltaZulu.Agent.Application/DeltaZulu.Agent.Application.csproj" />
  <Project Path="src/DeltaZulu.Agent.Cli/DeltaZulu.Agent.Cli.csproj" />
  <Project Path="src/DeltaZulu.Agent.Daemon/DeltaZulu.Agent.Daemon.csproj" />
  <Project Path="src/DeltaZulu.Agent.Domain/DeltaZulu.Agent.Domain.csproj" />
  <Project Path="src/DeltaZulu.Agent.Inputs/DeltaZulu.Agent.Inputs.csproj" />
  <Project Path="src/DeltaZulu.Agent.Kql/DeltaZulu.Agent.Kql.csproj" />
  <Project Path="src/DeltaZulu.Agent.Shared/DeltaZulu.Agent.Shared.csproj" />
  <Project Path="src/DeltaZulu.Agent.Outputs/DeltaZulu.Agent.Outputs.csproj" />
  <Project Path="src/DeltaZulu.Demo.Collector/DeltaZulu.Demo.Collector.csproj" />
  <Project Path="tests/DeltaZulu.Agent.Tests/DeltaZulu.Agent.Tests.csproj" />
</Solution>
