<Solution>
  <Folder Name="/Tests/">
    <Project Path="tests/DeltaZulu.Agent.Tests/DeltaZulu.Agent.Tests.csproj" />
  </Folder>
  <Project Path="src/DeltaZulu.Agent.Cli/DeltaZulu.Agent.Cli.csproj" />
  <Project Path="src/DeltaZulu.Agent.Daemon/DeltaZulu.Agent.Daemon.csproj" />
  <Project Path="src/DeltaZulu.Agent.Filter/DeltaZulu.Agent.Filter.csproj" />
  <Project Path="src/DeltaZulu.Agent.ProfileWorkbench/DeltaZulu.Agent.ProfileWorkbench.csproj" />
  <Project Path="src/DeltaZulu.Agent.Runtime/DeltaZulu.Agent.Runtime.csproj" />
  <Project Path="src/DeltaZulu.Agent.SchemaMetadata/DeltaZulu.Agent.SchemaMetadata.csproj" />
  <Project Path="src/DeltaZulu.Pipeline/DeltaZulu.Pipeline.csproj" />
</Solution>
